
Microsoft Visual Studio Solution File, Format Version 12.00
# Visual Studio Version 16
VisualStudioVersion = 16.0.30104.148
MinimumVisualStudioVersion = 10.0.40219.1
Project("{2150E333-8FDC-42A3-9474-1A3956D46DE8}") = "src", "src", "{97094511-DD01-437C-A668-BAFD659F1495}"
EndProject
Project("{2150E333-8FDC-42A3-9474-1A3956D46DE8}") = "Services", "Services", "{9D76CF62-67FA-448D-A420-A9B049D8EA80}"
EndProject
Project("{9A19103F-16F7-4668-BE54-9A1E7A4F7556}") = "Identity", "src\Services\Identity\Identity.csproj", "{B24CE398-0B4A-4AF0-8885-AA3E478F45BF}"
EndProject
Project("{FAE04EC0-301F-11D3-BF4B-00C04F79EFBC}") = "Order", "src\Services\Order\Order.csproj", "{AB5D7E61-42B9-483C-9A35-D67DA3B5C13B}"
EndProject
Global
	GlobalSection(SolutionConfigurationPlatforms) = preSolution
		Debug|Any CPU = Debug|Any CPU
		Release|Any CPU = Release|Any CPU
	EndGlobalSection
	GlobalSection(ProjectConfigurationPlatforms) = postSolution
		{B24CE398-0B4A-4AF0-8885-AA3E478F45BF}.Debug|Any CPU.ActiveCfg = Debug|Any CPU
		{B24CE398-0B4A-4AF0-8885-AA3E478F45BF}.Debug|Any CPU.Build.0 = Debug|Any CPU
		{B24CE398-0B4A-4AF0-8885-AA3E478F45BF}.Release|Any CPU.ActiveCfg = Release|Any CPU
		{B24CE398-0B4A-4AF0-8885-AA3E478F45BF}.Release|Any CPU.Build.0 = Release|Any CPU
		{AB5D7E61-42B9-483C-9A35-D67DA3B5C13B}.Debug|Any CPU.ActiveCfg = Debug|Any CPU
		{AB5D7E61-42B9-483C-9A35-D67DA3B5C13B}.Debug|Any CPU.Build.0 = Debug|Any CPU
		{AB5D7E61-42B9-483C-9A35-D67DA3B5C13B}.Release|Any CPU.ActiveCfg = Release|Any CPU
		{AB5D7E61-42B9-483C-9A35-D67DA3B5C13B}.Release|Any CPU.Build.0 = Release|Any CPU
	EndGlobalSection
	GlobalSection(SolutionProperties) = preSolution
		HideSolutionNode = FALSE
	EndGlobalSection
	GlobalSection(NestedProjects) = preSolution
		{9D76CF62-67FA-448D-A420-A9B049D8EA80} = {97094511-DD01-437C-A668-BAFD659F1495}
		{B24CE398-0B4A-4AF0-8885-AA3E478F45BF} = {9D76CF62-67FA-448D-A420-A9B049D8EA80}
		{AB5D7E61-42B9-483C-9A35-D67DA3B5C13B} = {9D76CF62-67FA-448D-A420-A9B049D8EA80}
	EndGlobalSection
	GlobalSection(ExtensibilityGlobals) = postSolution
		SolutionGuid = {1302E2C5-6D1D-40F1-AD1F-52ECA36DBC2E}
	EndGlobalSection
EndGlobal
