
Microsoft Visual Studio Solution File, Format Version 12.00
# Visual Studio Version 16
VisualStudioVersion = 16.0.30104.148
MinimumVisualStudioVersion = 10.0.40219.1
Project("{2150E333-8FDC-42A3-9474-1A3956D46DE8}") = "src", "src", "{97094511-DD01-437C-A668-BAFD659F1495}"
EndProject
Project("{2150E333-8FDC-42A3-9474-1A3956D46DE8}") = "Services", "Services", "{9D76CF62-67FA-448D-A420-A9B049D8EA80}"
EndProject
Project("{2150E333-8FDC-42A3-9474-1A3956D46DE8}") = "Identity", "Identity", "{24E2D9C1-7E9B-450B-A159-3E1323DB70CF}"
EndProject
Project("{9A19103F-16F7-4668-BE54-9A1E7A4F7556}") = "Identity.API", "src\Services\Identity\Identity.API\Identity.API.csproj", "{CD38A6F8-157D-4300-94FE-997581967B6E}"
EndProject
Project("{9A19103F-16F7-4668-BE54-9A1E7A4F7556}") = "Identity.Application", "src\Services\Identity\Identity.Application\Identity.Application.csproj", "{A090F0D4-5A24-469B-964F-99484AB502E2}"
EndProject
Project("{9A19103F-16F7-4668-BE54-9A1E7A4F7556}") = "Identity.Core", "src\Services\Identity\Identity.Core\Identity.Core.csproj", "{D63108AF-AAA4-4872-BC53-60ABCE74B6A8}"
EndProject
Project("{9A19103F-16F7-4668-BE54-9A1E7A4F7556}") = "Identity.Infrastructure", "src\Services\Identity\Identity.Infrastructure\Identity.Infrastructure.csproj", "{7E3C4719-393D-43FC-AF4A-4031BD1CC505}"
EndProject
Project("{2150E333-8FDC-42A3-9474-1A3956D46DE8}") = "Catalog", "Catalog", "{37B7EFB6-E2D8-4DB7-A5D3-F30A92B0582A}"
EndProject
Project("{9A19103F-16F7-4668-BE54-9A1E7A4F7556}") = "Catalog.API", "src\Services\Catalog\Catalog.API\Catalog.API.csproj", "{47D4E4A5-A1B8-42B2-A529-CFA54B66A397}"
EndProject
Project("{9A19103F-16F7-4668-BE54-9A1E7A4F7556}") = "Catalog.Application", "src\Services\Catalog\Catalog.Application\Catalog.Application.csproj", "{C35E1049-FC7C-42B1-92ED-E030023EA527}"
EndProject
Project("{9A19103F-16F7-4668-BE54-9A1E7A4F7556}") = "Catalog.Core", "src\Services\Catalog\Catalog.Core\Catalog.Core.csproj", "{24D2A178-323E-4E31-B1A9-C7829DAC6CBA}"
EndProject
Project("{9A19103F-16F7-4668-BE54-9A1E7A4F7556}") = "Catalog.Infrastructure", "src\Services\Catalog\Catalog.Infrastructure\Catalog.Infrastructure.csproj", "{20C5FF2E-129E-4C58-B371-5DA90D17B98E}"
EndProject
Project("{2150E333-8FDC-42A3-9474-1A3956D46DE8}") = "CustomerOrder", "CustomerOrder", "{5D45D2BD-4697-4875-BBAF-CE07297CDE6F}"
EndProject
Project("{9A19103F-16F7-4668-BE54-9A1E7A4F7556}") = "CustomerOrder.API", "src\Services\CustomerOrder\CustomerOrder.API\CustomerOrder.API.csproj", "{D76CE169-9A58-42CA-A131-0E825C8B2514}"
EndProject
Project("{9A19103F-16F7-4668-BE54-9A1E7A4F7556}") = "CustomerOrder.Application", "src\Services\CustomerOrder\CustomerOrder.Application\CustomerOrder.Application.csproj", "{1683894C-8C67-41FE-864B-7E4C827C630B}"
EndProject
Project("{9A19103F-16F7-4668-BE54-9A1E7A4F7556}") = "CustomerOrder.Core", "src\Services\CustomerOrder\CustomerOrder.Core\CustomerOrder.Core.csproj", "{AB1A5F3C-D525-4CD3-A44E-8179F7280C46}"
EndProject
Project("{9A19103F-16F7-4668-BE54-9A1E7A4F7556}") = "CustomerOrder.Infrastructure", "src\Services\CustomerOrder\CustomerOrder.Infrastructure\CustomerOrder.Infrastructure.csproj", "{EB3D0549-DCFA-43EA-A274-D36FE2C88801}"
EndProject
Project("{2150E333-8FDC-42A3-9474-1A3956D46DE8}") = "Production", "Production", "{4B872D61-C5ED-4BCE-836C-4D5B55E0DD1A}"
EndProject
Project("{9A19103F-16F7-4668-BE54-9A1E7A4F7556}") = "Production.API", "src\Services\Production\Production.API\Production.API.csproj", "{72EF6450-63FB-42D8-BE30-A79FD3F24108}"
EndProject
Project("{9A19103F-16F7-4668-BE54-9A1E7A4F7556}") = "Production.Application", "src\Services\Production\Production.Application\Production.Application.csproj", "{E9A76BE3-A048-489A-873B-4C532BB7FC4A}"
EndProject
Project("{9A19103F-16F7-4668-BE54-9A1E7A4F7556}") = "Production.Core", "src\Services\Production\Production.Core\Production.Core.csproj", "{E1B7BCE3-F29C-406D-A423-9A961F38871F}"
EndProject
Project("{9A19103F-16F7-4668-BE54-9A1E7A4F7556}") = "Production.Infrastructure", "src\Services\Production\Production.Infrastructure\Production.Infrastructure.csproj", "{FBCD77CE-3032-4920-B640-AFC31B0D9098}"
EndProject
Project("{2150E333-8FDC-42A3-9474-1A3956D46DE8}") = "Warehouse", "Warehouse", "{85B2DBE9-215B-4069-B30F-5B9EE07AFCD2}"
EndProject
Project("{9A19103F-16F7-4668-BE54-9A1E7A4F7556}") = "Warehouse.API", "src\Services\Warehouse\Warehouse.API\Warehouse.API.csproj", "{F305CC21-D0A7-4B77-AD37-DEAEC63E57CF}"
EndProject
Project("{9A19103F-16F7-4668-BE54-9A1E7A4F7556}") = "Warehouse.Application", "src\Services\Warehouse\Warehouse.Application\Warehouse.Application.csproj", "{5140CE41-14FE-48B2-B3E7-5ABA4A540142}"
EndProject
Project("{9A19103F-16F7-4668-BE54-9A1E7A4F7556}") = "Warehouse.Core", "src\Services\Warehouse\Warehouse.Core\Warehouse.Core.csproj", "{51B82E35-08B4-46B7-AF77-9B0EFEFF741D}"
EndProject
Project("{9A19103F-16F7-4668-BE54-9A1E7A4F7556}") = "Warehouse.Infrastructure", "src\Services\Warehouse\Warehouse.Infrastructure\Warehouse.Infrastructure.csproj", "{9C467752-C76B-4996-94D8-97DDE07BA8A6}"
EndProject
Project("{2150E333-8FDC-42A3-9474-1A3956D46DE8}") = "Delivery", "Delivery", "{C5CE3412-F9E7-4168-BA1E-DEE36C507B4E}"
EndProject
Project("{9A19103F-16F7-4668-BE54-9A1E7A4F7556}") = "Delivery.API", "src\Services\Delivery\Delivery.API\Delivery.API.csproj", "{B4B3660C-7CD9-4E70-87B7-80BE40BD9CE1}"
EndProject
Project("{9A19103F-16F7-4668-BE54-9A1E7A4F7556}") = "Delivery.Application", "src\Services\Delivery\Delivery.Application\Delivery.Application.csproj", "{5675D021-57C6-4548-8E43-D8EC9114DE05}"
EndProject
Project("{9A19103F-16F7-4668-BE54-9A1E7A4F7556}") = "Delivery.Core", "src\Services\Delivery\Delivery.Core\Delivery.Core.csproj", "{27B1E0C4-604D-4FFB-9367-8BAF31DDE78C}"
EndProject
Project("{9A19103F-16F7-4668-BE54-9A1E7A4F7556}") = "Delivery.Infrastructure", "src\Services\Delivery\Delivery.Infrastructure\Delivery.Infrastructure.csproj", "{FCF095B7-D235-4084-ACF1-62A8D2646B49}"
EndProject
Project("{2150E333-8FDC-42A3-9474-1A3956D46DE8}") = "Shared", "Shared", "{A0A4A31D-8FD5-49AA-8B62-C35F7D5F8660}"
EndProject
Project("{2150E333-8FDC-42A3-9474-1A3956D46DE8}") = "HTTP", "HTTP", "{C137CDF9-088C-4E0C-B954-FECD59E5D068}"
EndProject
Project("{2150E333-8FDC-42A3-9474-1A3956D46DE8}") = "BaseRepository", "BaseRepository", "{BCCBFADF-75B9-487E-BCE6-218C6C479552}"
EndProject
Project("{2150E333-8FDC-42A3-9474-1A3956D46DE8}") = "Webs", "Webs", "{26360E5B-DB68-4467-9553-FEF4D44C6993}"
EndProject
Project("{9A19103F-16F7-4668-BE54-9A1E7A4F7556}") = "ShopMVC", "src\Webs\ShopMVC\ShopMVC.csproj", "{48FF191D-9F71-4764-9467-442FEE798F13}"
EndProject
Project("{9A19103F-16F7-4668-BE54-9A1E7A4F7556}") = "BikeHttpClient", "src\Shared\HTTP\HttpClient\BikeHttpClient.csproj", "{67C0353F-4F38-46FD-83AE-7E0C174D57CB}"
EndProject
Project("{2150E333-8FDC-42A3-9474-1A3956D46DE8}") = "Basket", "Basket", "{1DD68D20-86E5-4DA8-84FA-686FEDDED2EC}"
EndProject
Project("{9A19103F-16F7-4668-BE54-9A1E7A4F7556}") = "Basket.API", "src\Services\Basket\Basket.API\Basket.API.csproj", "{30BE98FA-13A4-419A-B42A-36015D0ACE6B}"
EndProject
Project("{9A19103F-16F7-4668-BE54-9A1E7A4F7556}") = "Basket.Application", "src\Services\Basket\Basket.Application\Basket.Application.csproj", "{FA68AE3B-7C1C-4352-BA1A-0E96FB709DA4}"
EndProject
Project("{9A19103F-16F7-4668-BE54-9A1E7A4F7556}") = "Basket.Core", "src\Services\Basket\Basket.Core\Basket.Core.csproj", "{AD94571A-E584-47CE-8D91-127AFF563DDF}"
EndProject
Project("{9A19103F-16F7-4668-BE54-9A1E7A4F7556}") = "Basket.Infrastructure", "src\Services\Basket\Basket.Infrastructure\Basket.Infrastructure.csproj", "{ABEAFFA3-2B44-461B-A3E1-77A5FB036A68}"
EndProject
Project("{E53339B2-1760-4266-BCC7-CA923CBCF16C}") = "docker-compose", "docker-compose.dcproj", "{E0E3F324-445E-4FF1-A7B1-079799BD1EF9}"
EndProject
Project("{2150E333-8FDC-42A3-9474-1A3956D46DE8}") = "SortFilterService", "SortFilterService", "{40BF1BC2-3D8F-47A2-BB1C-985101FD1FF3}"
EndProject
Project("{9A19103F-16F7-4668-BE54-9A1E7A4F7556}") = "BikeSortFilter", "src\Shared\BikeSortFilter\BikeSortFilter.csproj", "{AA821E59-2198-4229-91B3-A30A7ADC6396}"
EndProject
Project("{9A19103F-16F7-4668-BE54-9A1E7A4F7556}") = "Catalog.Test", "src\Services\Catalog\Catalog.Test\Catalog.Test.csproj", "{136EDCCB-6645-4A93-9001-EC9DCE47DDD7}"
EndProject
Project("{9A19103F-16F7-4668-BE54-9A1E7A4F7556}") = "Basket.Test", "src\Services\Basket\Basket.Test\Basket.Test.csproj", "{127902D4-B94F-4B0D-AB43-C82057F97ADA}"
EndProject
Project("{9A19103F-16F7-4668-BE54-9A1E7A4F7556}") = "CustomerOrder.Test", "src\Services\CustomerOrder\CustomerOrder.Test\CustomerOrder.Test.csproj", "{5B9EBA66-A893-4C13-9CF5-1D086903062F}"
EndProject
Project("{9A19103F-16F7-4668-BE54-9A1E7A4F7556}") = "Identity.Test", "src\Services\Identity\Identity.Test\Identity.Test.csproj", "{4018395F-08D2-4EBC-B016-A5F8B39A0E0C}"
EndProject
Project("{9A19103F-16F7-4668-BE54-9A1E7A4F7556}") = "Production.Test", "src\Services\Production\Production.Test\Production.Test.csproj", "{F796D3BE-201B-4C67-A681-853EAFF92DBC}"
EndProject
Project("{9A19103F-16F7-4668-BE54-9A1E7A4F7556}") = "Delivery.Test", "src\Services\Delivery\Delivery.Test\Delivery.Test.csproj", "{09CC3777-0B8D-435C-86A6-39CFA07B516A}"
EndProject
Project("{9A19103F-16F7-4668-BE54-9A1E7A4F7556}") = "AdminMVC", "src\Webs\AdminMVC\AdminMVC.csproj", "{D9A9EEA0-B8EB-4E78-83C0-8DE2F4EE73E8}"
EndProject
Project("{9A19103F-16F7-4668-BE54-9A1E7A4F7556}") = "BikeBaseRepository", "src\Shared\BaseRepository\BikeBaseRepository.csproj", "{ADC577DD-29EC-4525-B092-67E253DF2181}"
EndProject
Global
	GlobalSection(SolutionConfigurationPlatforms) = preSolution
		Debug|Any CPU = Debug|Any CPU
		Release|Any CPU = Release|Any CPU
	EndGlobalSection
	GlobalSection(ProjectConfigurationPlatforms) = postSolution
		{CD38A6F8-157D-4300-94FE-997581967B6E}.Debug|Any CPU.ActiveCfg = Debug|Any CPU
		{CD38A6F8-157D-4300-94FE-997581967B6E}.Debug|Any CPU.Build.0 = Debug|Any CPU
		{CD38A6F8-157D-4300-94FE-997581967B6E}.Release|Any CPU.ActiveCfg = Release|Any CPU
		{CD38A6F8-157D-4300-94FE-997581967B6E}.Release|Any CPU.Build.0 = Release|Any CPU
		{A090F0D4-5A24-469B-964F-99484AB502E2}.Debug|Any CPU.ActiveCfg = Debug|Any CPU
		{A090F0D4-5A24-469B-964F-99484AB502E2}.Debug|Any CPU.Build.0 = Debug|Any CPU
		{A090F0D4-5A24-469B-964F-99484AB502E2}.Release|Any CPU.ActiveCfg = Release|Any CPU
		{A090F0D4-5A24-469B-964F-99484AB502E2}.Release|Any CPU.Build.0 = Release|Any CPU
		{D63108AF-AAA4-4872-BC53-60ABCE74B6A8}.Debug|Any CPU.ActiveCfg = Debug|Any CPU
		{D63108AF-AAA4-4872-BC53-60ABCE74B6A8}.Debug|Any CPU.Build.0 = Debug|Any CPU
		{D63108AF-AAA4-4872-BC53-60ABCE74B6A8}.Release|Any CPU.ActiveCfg = Release|Any CPU
		{D63108AF-AAA4-4872-BC53-60ABCE74B6A8}.Release|Any CPU.Build.0 = Release|Any CPU
		{7E3C4719-393D-43FC-AF4A-4031BD1CC505}.Debug|Any CPU.ActiveCfg = Debug|Any CPU
		{7E3C4719-393D-43FC-AF4A-4031BD1CC505}.Debug|Any CPU.Build.0 = Debug|Any CPU
		{7E3C4719-393D-43FC-AF4A-4031BD1CC505}.Release|Any CPU.ActiveCfg = Release|Any CPU
		{7E3C4719-393D-43FC-AF4A-4031BD1CC505}.Release|Any CPU.Build.0 = Release|Any CPU
		{47D4E4A5-A1B8-42B2-A529-CFA54B66A397}.Debug|Any CPU.ActiveCfg = Debug|Any CPU
		{47D4E4A5-A1B8-42B2-A529-CFA54B66A397}.Debug|Any CPU.Build.0 = Debug|Any CPU
		{47D4E4A5-A1B8-42B2-A529-CFA54B66A397}.Release|Any CPU.ActiveCfg = Release|Any CPU
		{47D4E4A5-A1B8-42B2-A529-CFA54B66A397}.Release|Any CPU.Build.0 = Release|Any CPU
		{C35E1049-FC7C-42B1-92ED-E030023EA527}.Debug|Any CPU.ActiveCfg = Debug|Any CPU
		{C35E1049-FC7C-42B1-92ED-E030023EA527}.Debug|Any CPU.Build.0 = Debug|Any CPU
		{C35E1049-FC7C-42B1-92ED-E030023EA527}.Release|Any CPU.ActiveCfg = Release|Any CPU
		{C35E1049-FC7C-42B1-92ED-E030023EA527}.Release|Any CPU.Build.0 = Release|Any CPU
		{24D2A178-323E-4E31-B1A9-C7829DAC6CBA}.Debug|Any CPU.ActiveCfg = Debug|Any CPU
		{24D2A178-323E-4E31-B1A9-C7829DAC6CBA}.Debug|Any CPU.Build.0 = Debug|Any CPU
		{24D2A178-323E-4E31-B1A9-C7829DAC6CBA}.Release|Any CPU.ActiveCfg = Release|Any CPU
		{24D2A178-323E-4E31-B1A9-C7829DAC6CBA}.Release|Any CPU.Build.0 = Release|Any CPU
		{20C5FF2E-129E-4C58-B371-5DA90D17B98E}.Debug|Any CPU.ActiveCfg = Debug|Any CPU
		{20C5FF2E-129E-4C58-B371-5DA90D17B98E}.Debug|Any CPU.Build.0 = Debug|Any CPU
		{20C5FF2E-129E-4C58-B371-5DA90D17B98E}.Release|Any CPU.ActiveCfg = Release|Any CPU
		{20C5FF2E-129E-4C58-B371-5DA90D17B98E}.Release|Any CPU.Build.0 = Release|Any CPU
		{D76CE169-9A58-42CA-A131-0E825C8B2514}.Debug|Any CPU.ActiveCfg = Debug|Any CPU
		{D76CE169-9A58-42CA-A131-0E825C8B2514}.Debug|Any CPU.Build.0 = Debug|Any CPU
		{D76CE169-9A58-42CA-A131-0E825C8B2514}.Release|Any CPU.ActiveCfg = Release|Any CPU
		{D76CE169-9A58-42CA-A131-0E825C8B2514}.Release|Any CPU.Build.0 = Release|Any CPU
		{1683894C-8C67-41FE-864B-7E4C827C630B}.Debug|Any CPU.ActiveCfg = Debug|Any CPU
		{1683894C-8C67-41FE-864B-7E4C827C630B}.Debug|Any CPU.Build.0 = Debug|Any CPU
		{1683894C-8C67-41FE-864B-7E4C827C630B}.Release|Any CPU.ActiveCfg = Release|Any CPU
		{1683894C-8C67-41FE-864B-7E4C827C630B}.Release|Any CPU.Build.0 = Release|Any CPU
		{AB1A5F3C-D525-4CD3-A44E-8179F7280C46}.Debug|Any CPU.ActiveCfg = Debug|Any CPU
		{AB1A5F3C-D525-4CD3-A44E-8179F7280C46}.Debug|Any CPU.Build.0 = Debug|Any CPU
		{AB1A5F3C-D525-4CD3-A44E-8179F7280C46}.Release|Any CPU.ActiveCfg = Release|Any CPU
		{AB1A5F3C-D525-4CD3-A44E-8179F7280C46}.Release|Any CPU.Build.0 = Release|Any CPU
		{EB3D0549-DCFA-43EA-A274-D36FE2C88801}.Debug|Any CPU.ActiveCfg = Debug|Any CPU
		{EB3D0549-DCFA-43EA-A274-D36FE2C88801}.Debug|Any CPU.Build.0 = Debug|Any CPU
		{EB3D0549-DCFA-43EA-A274-D36FE2C88801}.Release|Any CPU.ActiveCfg = Release|Any CPU
		{EB3D0549-DCFA-43EA-A274-D36FE2C88801}.Release|Any CPU.Build.0 = Release|Any CPU
		{72EF6450-63FB-42D8-BE30-A79FD3F24108}.Debug|Any CPU.ActiveCfg = Debug|Any CPU
		{72EF6450-63FB-42D8-BE30-A79FD3F24108}.Debug|Any CPU.Build.0 = Debug|Any CPU
		{72EF6450-63FB-42D8-BE30-A79FD3F24108}.Release|Any CPU.ActiveCfg = Release|Any CPU
		{72EF6450-63FB-42D8-BE30-A79FD3F24108}.Release|Any CPU.Build.0 = Release|Any CPU
		{E9A76BE3-A048-489A-873B-4C532BB7FC4A}.Debug|Any CPU.ActiveCfg = Debug|Any CPU
		{E9A76BE3-A048-489A-873B-4C532BB7FC4A}.Debug|Any CPU.Build.0 = Debug|Any CPU
		{E9A76BE3-A048-489A-873B-4C532BB7FC4A}.Release|Any CPU.ActiveCfg = Release|Any CPU
		{E9A76BE3-A048-489A-873B-4C532BB7FC4A}.Release|Any CPU.Build.0 = Release|Any CPU
		{E1B7BCE3-F29C-406D-A423-9A961F38871F}.Debug|Any CPU.ActiveCfg = Debug|Any CPU
		{E1B7BCE3-F29C-406D-A423-9A961F38871F}.Debug|Any CPU.Build.0 = Debug|Any CPU
		{E1B7BCE3-F29C-406D-A423-9A961F38871F}.Release|Any CPU.ActiveCfg = Release|Any CPU
		{E1B7BCE3-F29C-406D-A423-9A961F38871F}.Release|Any CPU.Build.0 = Release|Any CPU
		{FBCD77CE-3032-4920-B640-AFC31B0D9098}.Debug|Any CPU.ActiveCfg = Debug|Any CPU
		{FBCD77CE-3032-4920-B640-AFC31B0D9098}.Debug|Any CPU.Build.0 = Debug|Any CPU
		{FBCD77CE-3032-4920-B640-AFC31B0D9098}.Release|Any CPU.ActiveCfg = Release|Any CPU
		{FBCD77CE-3032-4920-B640-AFC31B0D9098}.Release|Any CPU.Build.0 = Release|Any CPU
		{F305CC21-D0A7-4B77-AD37-DEAEC63E57CF}.Debug|Any CPU.ActiveCfg = Debug|Any CPU
		{F305CC21-D0A7-4B77-AD37-DEAEC63E57CF}.Debug|Any CPU.Build.0 = Debug|Any CPU
		{F305CC21-D0A7-4B77-AD37-DEAEC63E57CF}.Release|Any CPU.ActiveCfg = Release|Any CPU
		{F305CC21-D0A7-4B77-AD37-DEAEC63E57CF}.Release|Any CPU.Build.0 = Release|Any CPU
		{5140CE41-14FE-48B2-B3E7-5ABA4A540142}.Debug|Any CPU.ActiveCfg = Debug|Any CPU
		{5140CE41-14FE-48B2-B3E7-5ABA4A540142}.Debug|Any CPU.Build.0 = Debug|Any CPU
		{5140CE41-14FE-48B2-B3E7-5ABA4A540142}.Release|Any CPU.ActiveCfg = Release|Any CPU
		{5140CE41-14FE-48B2-B3E7-5ABA4A540142}.Release|Any CPU.Build.0 = Release|Any CPU
		{51B82E35-08B4-46B7-AF77-9B0EFEFF741D}.Debug|Any CPU.ActiveCfg = Debug|Any CPU
		{51B82E35-08B4-46B7-AF77-9B0EFEFF741D}.Debug|Any CPU.Build.0 = Debug|Any CPU
		{51B82E35-08B4-46B7-AF77-9B0EFEFF741D}.Release|Any CPU.ActiveCfg = Release|Any CPU
		{51B82E35-08B4-46B7-AF77-9B0EFEFF741D}.Release|Any CPU.Build.0 = Release|Any CPU
		{9C467752-C76B-4996-94D8-97DDE07BA8A6}.Debug|Any CPU.ActiveCfg = Debug|Any CPU
		{9C467752-C76B-4996-94D8-97DDE07BA8A6}.Debug|Any CPU.Build.0 = Debug|Any CPU
		{9C467752-C76B-4996-94D8-97DDE07BA8A6}.Release|Any CPU.ActiveCfg = Release|Any CPU
		{9C467752-C76B-4996-94D8-97DDE07BA8A6}.Release|Any CPU.Build.0 = Release|Any CPU
		{B4B3660C-7CD9-4E70-87B7-80BE40BD9CE1}.Debug|Any CPU.ActiveCfg = Debug|Any CPU
		{B4B3660C-7CD9-4E70-87B7-80BE40BD9CE1}.Debug|Any CPU.Build.0 = Debug|Any CPU
		{B4B3660C-7CD9-4E70-87B7-80BE40BD9CE1}.Release|Any CPU.ActiveCfg = Release|Any CPU
		{B4B3660C-7CD9-4E70-87B7-80BE40BD9CE1}.Release|Any CPU.Build.0 = Release|Any CPU
		{5675D021-57C6-4548-8E43-D8EC9114DE05}.Debug|Any CPU.ActiveCfg = Debug|Any CPU
		{5675D021-57C6-4548-8E43-D8EC9114DE05}.Debug|Any CPU.Build.0 = Debug|Any CPU
		{5675D021-57C6-4548-8E43-D8EC9114DE05}.Release|Any CPU.ActiveCfg = Release|Any CPU
		{5675D021-57C6-4548-8E43-D8EC9114DE05}.Release|Any CPU.Build.0 = Release|Any CPU
		{27B1E0C4-604D-4FFB-9367-8BAF31DDE78C}.Debug|Any CPU.ActiveCfg = Debug|Any CPU
		{27B1E0C4-604D-4FFB-9367-8BAF31DDE78C}.Debug|Any CPU.Build.0 = Debug|Any CPU
		{27B1E0C4-604D-4FFB-9367-8BAF31DDE78C}.Release|Any CPU.ActiveCfg = Release|Any CPU
		{27B1E0C4-604D-4FFB-9367-8BAF31DDE78C}.Release|Any CPU.Build.0 = Release|Any CPU
		{FCF095B7-D235-4084-ACF1-62A8D2646B49}.Debug|Any CPU.ActiveCfg = Debug|Any CPU
		{FCF095B7-D235-4084-ACF1-62A8D2646B49}.Debug|Any CPU.Build.0 = Debug|Any CPU
		{FCF095B7-D235-4084-ACF1-62A8D2646B49}.Release|Any CPU.ActiveCfg = Release|Any CPU
		{FCF095B7-D235-4084-ACF1-62A8D2646B49}.Release|Any CPU.Build.0 = Release|Any CPU
		{48FF191D-9F71-4764-9467-442FEE798F13}.Debug|Any CPU.ActiveCfg = Debug|Any CPU
		{48FF191D-9F71-4764-9467-442FEE798F13}.Debug|Any CPU.Build.0 = Debug|Any CPU
		{48FF191D-9F71-4764-9467-442FEE798F13}.Release|Any CPU.ActiveCfg = Release|Any CPU
		{48FF191D-9F71-4764-9467-442FEE798F13}.Release|Any CPU.Build.0 = Release|Any CPU
		{67C0353F-4F38-46FD-83AE-7E0C174D57CB}.Debug|Any CPU.ActiveCfg = Debug|Any CPU
		{67C0353F-4F38-46FD-83AE-7E0C174D57CB}.Debug|Any CPU.Build.0 = Debug|Any CPU
		{67C0353F-4F38-46FD-83AE-7E0C174D57CB}.Release|Any CPU.ActiveCfg = Release|Any CPU
		{67C0353F-4F38-46FD-83AE-7E0C174D57CB}.Release|Any CPU.Build.0 = Release|Any CPU
		{30BE98FA-13A4-419A-B42A-36015D0ACE6B}.Debug|Any CPU.ActiveCfg = Debug|Any CPU
		{30BE98FA-13A4-419A-B42A-36015D0ACE6B}.Debug|Any CPU.Build.0 = Debug|Any CPU
		{30BE98FA-13A4-419A-B42A-36015D0ACE6B}.Release|Any CPU.ActiveCfg = Release|Any CPU
		{30BE98FA-13A4-419A-B42A-36015D0ACE6B}.Release|Any CPU.Build.0 = Release|Any CPU
		{FA68AE3B-7C1C-4352-BA1A-0E96FB709DA4}.Debug|Any CPU.ActiveCfg = Debug|Any CPU
		{FA68AE3B-7C1C-4352-BA1A-0E96FB709DA4}.Debug|Any CPU.Build.0 = Debug|Any CPU
		{FA68AE3B-7C1C-4352-BA1A-0E96FB709DA4}.Release|Any CPU.ActiveCfg = Release|Any CPU
		{FA68AE3B-7C1C-4352-BA1A-0E96FB709DA4}.Release|Any CPU.Build.0 = Release|Any CPU
		{AD94571A-E584-47CE-8D91-127AFF563DDF}.Debug|Any CPU.ActiveCfg = Debug|Any CPU
		{AD94571A-E584-47CE-8D91-127AFF563DDF}.Debug|Any CPU.Build.0 = Debug|Any CPU
		{AD94571A-E584-47CE-8D91-127AFF563DDF}.Release|Any CPU.ActiveCfg = Release|Any CPU
		{AD94571A-E584-47CE-8D91-127AFF563DDF}.Release|Any CPU.Build.0 = Release|Any CPU
		{ABEAFFA3-2B44-461B-A3E1-77A5FB036A68}.Debug|Any CPU.ActiveCfg = Debug|Any CPU
		{ABEAFFA3-2B44-461B-A3E1-77A5FB036A68}.Debug|Any CPU.Build.0 = Debug|Any CPU
		{ABEAFFA3-2B44-461B-A3E1-77A5FB036A68}.Release|Any CPU.ActiveCfg = Release|Any CPU
		{ABEAFFA3-2B44-461B-A3E1-77A5FB036A68}.Release|Any CPU.Build.0 = Release|Any CPU
		{E0E3F324-445E-4FF1-A7B1-079799BD1EF9}.Debug|Any CPU.ActiveCfg = Debug|Any CPU
		{E0E3F324-445E-4FF1-A7B1-079799BD1EF9}.Debug|Any CPU.Build.0 = Debug|Any CPU
		{E0E3F324-445E-4FF1-A7B1-079799BD1EF9}.Release|Any CPU.ActiveCfg = Release|Any CPU
		{E0E3F324-445E-4FF1-A7B1-079799BD1EF9}.Release|Any CPU.Build.0 = Release|Any CPU
		{AA821E59-2198-4229-91B3-A30A7ADC6396}.Debug|Any CPU.ActiveCfg = Debug|Any CPU
		{AA821E59-2198-4229-91B3-A30A7ADC6396}.Debug|Any CPU.Build.0 = Debug|Any CPU
		{AA821E59-2198-4229-91B3-A30A7ADC6396}.Release|Any CPU.ActiveCfg = Release|Any CPU
		{AA821E59-2198-4229-91B3-A30A7ADC6396}.Release|Any CPU.Build.0 = Release|Any CPU
		{136EDCCB-6645-4A93-9001-EC9DCE47DDD7}.Debug|Any CPU.ActiveCfg = Debug|Any CPU
		{136EDCCB-6645-4A93-9001-EC9DCE47DDD7}.Debug|Any CPU.Build.0 = Debug|Any CPU
		{136EDCCB-6645-4A93-9001-EC9DCE47DDD7}.Release|Any CPU.ActiveCfg = Release|Any CPU
		{136EDCCB-6645-4A93-9001-EC9DCE47DDD7}.Release|Any CPU.Build.0 = Release|Any CPU
		{127902D4-B94F-4B0D-AB43-C82057F97ADA}.Debug|Any CPU.ActiveCfg = Debug|Any CPU
		{127902D4-B94F-4B0D-AB43-C82057F97ADA}.Debug|Any CPU.Build.0 = Debug|Any CPU
		{127902D4-B94F-4B0D-AB43-C82057F97ADA}.Release|Any CPU.ActiveCfg = Release|Any CPU
		{127902D4-B94F-4B0D-AB43-C82057F97ADA}.Release|Any CPU.Build.0 = Release|Any CPU
		{5B9EBA66-A893-4C13-9CF5-1D086903062F}.Debug|Any CPU.ActiveCfg = Debug|Any CPU
		{5B9EBA66-A893-4C13-9CF5-1D086903062F}.Debug|Any CPU.Build.0 = Debug|Any CPU
		{5B9EBA66-A893-4C13-9CF5-1D086903062F}.Release|Any CPU.ActiveCfg = Release|Any CPU
		{5B9EBA66-A893-4C13-9CF5-1D086903062F}.Release|Any CPU.Build.0 = Release|Any CPU
		{4018395F-08D2-4EBC-B016-A5F8B39A0E0C}.Debug|Any CPU.ActiveCfg = Debug|Any CPU
		{4018395F-08D2-4EBC-B016-A5F8B39A0E0C}.Debug|Any CPU.Build.0 = Debug|Any CPU
		{4018395F-08D2-4EBC-B016-A5F8B39A0E0C}.Release|Any CPU.ActiveCfg = Release|Any CPU
		{4018395F-08D2-4EBC-B016-A5F8B39A0E0C}.Release|Any CPU.Build.0 = Release|Any CPU
		{F796D3BE-201B-4C67-A681-853EAFF92DBC}.Debug|Any CPU.ActiveCfg = Debug|Any CPU
		{F796D3BE-201B-4C67-A681-853EAFF92DBC}.Debug|Any CPU.Build.0 = Debug|Any CPU
		{F796D3BE-201B-4C67-A681-853EAFF92DBC}.Release|Any CPU.ActiveCfg = Release|Any CPU
		{F796D3BE-201B-4C67-A681-853EAFF92DBC}.Release|Any CPU.Build.0 = Release|Any CPU
		{09CC3777-0B8D-435C-86A6-39CFA07B516A}.Debug|Any CPU.ActiveCfg = Debug|Any CPU
		{09CC3777-0B8D-435C-86A6-39CFA07B516A}.Debug|Any CPU.Build.0 = Debug|Any CPU
		{09CC3777-0B8D-435C-86A6-39CFA07B516A}.Release|Any CPU.ActiveCfg = Release|Any CPU
		{09CC3777-0B8D-435C-86A6-39CFA07B516A}.Release|Any CPU.Build.0 = Release|Any CPU
		{D9A9EEA0-B8EB-4E78-83C0-8DE2F4EE73E8}.Debug|Any CPU.ActiveCfg = Debug|Any CPU
		{D9A9EEA0-B8EB-4E78-83C0-8DE2F4EE73E8}.Debug|Any CPU.Build.0 = Debug|Any CPU
		{D9A9EEA0-B8EB-4E78-83C0-8DE2F4EE73E8}.Release|Any CPU.ActiveCfg = Release|Any CPU
		{D9A9EEA0-B8EB-4E78-83C0-8DE2F4EE73E8}.Release|Any CPU.Build.0 = Release|Any CPU
		{ADC577DD-29EC-4525-B092-67E253DF2181}.Debug|Any CPU.ActiveCfg = Debug|Any CPU
		{ADC577DD-29EC-4525-B092-67E253DF2181}.Debug|Any CPU.Build.0 = Debug|Any CPU
		{ADC577DD-29EC-4525-B092-67E253DF2181}.Release|Any CPU.ActiveCfg = Release|Any CPU
		{ADC577DD-29EC-4525-B092-67E253DF2181}.Release|Any CPU.Build.0 = Release|Any CPU
	EndGlobalSection
	GlobalSection(SolutionProperties) = preSolution
		HideSolutionNode = FALSE
	EndGlobalSection
	GlobalSection(NestedProjects) = preSolution
		{9D76CF62-67FA-448D-A420-A9B049D8EA80} = {97094511-DD01-437C-A668-BAFD659F1495}
		{24E2D9C1-7E9B-450B-A159-3E1323DB70CF} = {9D76CF62-67FA-448D-A420-A9B049D8EA80}
		{CD38A6F8-157D-4300-94FE-997581967B6E} = {24E2D9C1-7E9B-450B-A159-3E1323DB70CF}
		{A090F0D4-5A24-469B-964F-99484AB502E2} = {24E2D9C1-7E9B-450B-A159-3E1323DB70CF}
		{D63108AF-AAA4-4872-BC53-60ABCE74B6A8} = {24E2D9C1-7E9B-450B-A159-3E1323DB70CF}
		{7E3C4719-393D-43FC-AF4A-4031BD1CC505} = {24E2D9C1-7E9B-450B-A159-3E1323DB70CF}
		{37B7EFB6-E2D8-4DB7-A5D3-F30A92B0582A} = {9D76CF62-67FA-448D-A420-A9B049D8EA80}
		{47D4E4A5-A1B8-42B2-A529-CFA54B66A397} = {37B7EFB6-E2D8-4DB7-A5D3-F30A92B0582A}
		{C35E1049-FC7C-42B1-92ED-E030023EA527} = {37B7EFB6-E2D8-4DB7-A5D3-F30A92B0582A}
		{24D2A178-323E-4E31-B1A9-C7829DAC6CBA} = {37B7EFB6-E2D8-4DB7-A5D3-F30A92B0582A}
		{20C5FF2E-129E-4C58-B371-5DA90D17B98E} = {37B7EFB6-E2D8-4DB7-A5D3-F30A92B0582A}
		{5D45D2BD-4697-4875-BBAF-CE07297CDE6F} = {9D76CF62-67FA-448D-A420-A9B049D8EA80}
		{D76CE169-9A58-42CA-A131-0E825C8B2514} = {5D45D2BD-4697-4875-BBAF-CE07297CDE6F}
		{1683894C-8C67-41FE-864B-7E4C827C630B} = {5D45D2BD-4697-4875-BBAF-CE07297CDE6F}
		{AB1A5F3C-D525-4CD3-A44E-8179F7280C46} = {5D45D2BD-4697-4875-BBAF-CE07297CDE6F}
		{EB3D0549-DCFA-43EA-A274-D36FE2C88801} = {5D45D2BD-4697-4875-BBAF-CE07297CDE6F}
		{4B872D61-C5ED-4BCE-836C-4D5B55E0DD1A} = {9D76CF62-67FA-448D-A420-A9B049D8EA80}
		{72EF6450-63FB-42D8-BE30-A79FD3F24108} = {4B872D61-C5ED-4BCE-836C-4D5B55E0DD1A}
		{E9A76BE3-A048-489A-873B-4C532BB7FC4A} = {4B872D61-C5ED-4BCE-836C-4D5B55E0DD1A}
		{E1B7BCE3-F29C-406D-A423-9A961F38871F} = {4B872D61-C5ED-4BCE-836C-4D5B55E0DD1A}
		{FBCD77CE-3032-4920-B640-AFC31B0D9098} = {4B872D61-C5ED-4BCE-836C-4D5B55E0DD1A}
		{85B2DBE9-215B-4069-B30F-5B9EE07AFCD2} = {9D76CF62-67FA-448D-A420-A9B049D8EA80}
		{F305CC21-D0A7-4B77-AD37-DEAEC63E57CF} = {85B2DBE9-215B-4069-B30F-5B9EE07AFCD2}
		{5140CE41-14FE-48B2-B3E7-5ABA4A540142} = {85B2DBE9-215B-4069-B30F-5B9EE07AFCD2}
		{51B82E35-08B4-46B7-AF77-9B0EFEFF741D} = {85B2DBE9-215B-4069-B30F-5B9EE07AFCD2}
		{9C467752-C76B-4996-94D8-97DDE07BA8A6} = {85B2DBE9-215B-4069-B30F-5B9EE07AFCD2}
		{C5CE3412-F9E7-4168-BA1E-DEE36C507B4E} = {9D76CF62-67FA-448D-A420-A9B049D8EA80}
		{B4B3660C-7CD9-4E70-87B7-80BE40BD9CE1} = {C5CE3412-F9E7-4168-BA1E-DEE36C507B4E}
		{5675D021-57C6-4548-8E43-D8EC9114DE05} = {C5CE3412-F9E7-4168-BA1E-DEE36C507B4E}
		{27B1E0C4-604D-4FFB-9367-8BAF31DDE78C} = {C5CE3412-F9E7-4168-BA1E-DEE36C507B4E}
		{FCF095B7-D235-4084-ACF1-62A8D2646B49} = {C5CE3412-F9E7-4168-BA1E-DEE36C507B4E}
		{A0A4A31D-8FD5-49AA-8B62-C35F7D5F8660} = {97094511-DD01-437C-A668-BAFD659F1495}
		{C137CDF9-088C-4E0C-B954-FECD59E5D068} = {A0A4A31D-8FD5-49AA-8B62-C35F7D5F8660}
		{BCCBFADF-75B9-487E-BCE6-218C6C479552} = {A0A4A31D-8FD5-49AA-8B62-C35F7D5F8660}
		{26360E5B-DB68-4467-9553-FEF4D44C6993} = {97094511-DD01-437C-A668-BAFD659F1495}
		{48FF191D-9F71-4764-9467-442FEE798F13} = {26360E5B-DB68-4467-9553-FEF4D44C6993}
		{67C0353F-4F38-46FD-83AE-7E0C174D57CB} = {C137CDF9-088C-4E0C-B954-FECD59E5D068}
		{1DD68D20-86E5-4DA8-84FA-686FEDDED2EC} = {9D76CF62-67FA-448D-A420-A9B049D8EA80}
		{30BE98FA-13A4-419A-B42A-36015D0ACE6B} = {1DD68D20-86E5-4DA8-84FA-686FEDDED2EC}
		{FA68AE3B-7C1C-4352-BA1A-0E96FB709DA4} = {1DD68D20-86E5-4DA8-84FA-686FEDDED2EC}
		{AD94571A-E584-47CE-8D91-127AFF563DDF} = {1DD68D20-86E5-4DA8-84FA-686FEDDED2EC}
		{ABEAFFA3-2B44-461B-A3E1-77A5FB036A68} = {1DD68D20-86E5-4DA8-84FA-686FEDDED2EC}
		{40BF1BC2-3D8F-47A2-BB1C-985101FD1FF3} = {A0A4A31D-8FD5-49AA-8B62-C35F7D5F8660}
		{AA821E59-2198-4229-91B3-A30A7ADC6396} = {40BF1BC2-3D8F-47A2-BB1C-985101FD1FF3}
		{136EDCCB-6645-4A93-9001-EC9DCE47DDD7} = {37B7EFB6-E2D8-4DB7-A5D3-F30A92B0582A}
		{127902D4-B94F-4B0D-AB43-C82057F97ADA} = {1DD68D20-86E5-4DA8-84FA-686FEDDED2EC}
		{5B9EBA66-A893-4C13-9CF5-1D086903062F} = {5D45D2BD-4697-4875-BBAF-CE07297CDE6F}
		{4018395F-08D2-4EBC-B016-A5F8B39A0E0C} = {24E2D9C1-7E9B-450B-A159-3E1323DB70CF}
		{F796D3BE-201B-4C67-A681-853EAFF92DBC} = {4B872D61-C5ED-4BCE-836C-4D5B55E0DD1A}
		{09CC3777-0B8D-435C-86A6-39CFA07B516A} = {C5CE3412-F9E7-4168-BA1E-DEE36C507B4E}
		{D9A9EEA0-B8EB-4E78-83C0-8DE2F4EE73E8} = {26360E5B-DB68-4467-9553-FEF4D44C6993}
		{ADC577DD-29EC-4525-B092-67E253DF2181} = {BCCBFADF-75B9-487E-BCE6-218C6C479552}
	EndGlobalSection
	GlobalSection(ExtensibilityGlobals) = postSolution
		SolutionGuid = {1302E2C5-6D1D-40F1-AD1F-52ECA36DBC2E}
	EndGlobalSection
EndGlobal
